// !$*UTF8*$!
{
	archiveVersion = 1;
	classes = {
	};
	objectVersion = 77;
	objects = {

/* Begin PBXBuildFile section */
		28379CBC2EE9294700985B34 /* GRoseno.xcframework in Frameworks */ = {isa = PBXBuildFile; fileRef = 28379CBB2EE9294700985B34 /* GRoseno.xcframework */; };
		3AF6CC4D2EEB6C9D4C3487E8 /* Pods_GapRunner.framework in Frameworks */ = {isa = PBXBuildFile; fileRef = CC45F581288540CD6568C7D6 /* Pods_GapRunner.framework */; };
		FEDACDFF2EE9170800BA1B77 /* GapRunnerModel.swift in Sources */ = {isa = PBXBuildFile; fileRef = FEDACDF92EE9170800BA1B77 /* GapRunnerModel.swift */; };
		FEDACE002EE9170800BA1B77 /* FluxCarouselViewController.swift in Sources */ = {isa = PBXBuildFile; fileRef = FEDACDF72EE9170800BA1B77 /* FluxCarouselViewController.swift */; };
		FEDACE012EE9170800BA1B77 /* AchievementRecordsViewController.swift in Sources */ = {isa = PBXBuildFile; fileRef = FEDACDEF2EE9170800BA1B77 /* AchievementRecordsViewController.swift */; };
		FEDACE022EE9170800BA1B77 /* ArcadeDialectViewController.swift in Sources */ = {isa = PBXBuildFile; fileRef = FEDACDF12EE9170800BA1B77 /* ArcadeDialectViewController.swift */; };
		FEDACE032EE9170800BA1B77 /* AtlasPortalViewController.swift in Sources */ = {isa = PBXBuildFile; fileRef = FEDACDF22EE9170800BA1B77 /* AtlasPortalViewController.swift */; };
		FEDACE042EE9170800BA1B77 /* ChronicleVaultViewController.swift in Sources */ = {isa = PBXBuildFile; fileRef = FEDACDF52EE9170800BA1B77 /* ChronicleVaultViewController.swift */; };
		FEDACE052EE9170800BA1B77 /* EntranceViewController.swift in Sources */ = {isa = PBXBuildFile; fileRef = FEDACDF62EE9170800BA1B77 /* EntranceViewController.swift */; };
		FEDACE062EE9170800BA1B77 /* AppDelegate.swift in Sources */ = {isa = PBXBuildFile; fileRef = FEDACDF02EE9170800BA1B77 /* AppDelegate.swift */; };
		FEDACE072EE9170800BA1B77 /* HeptagramLedger.swift in Sources */ = {isa = PBXBuildFile; fileRef = FEDACDFA2EE9170800BA1B77 /* HeptagramLedger.swift */; };
		FEDACE082EE9170800BA1B77 /* ChromaticToolkit.swift in Sources */ = {isa = PBXBuildFile; fileRef = FEDACDF42EE9170800BA1B77 /* ChromaticToolkit.swift */; };
		FEDACE092EE9170800BA1B77 /* InstructionsViewController.swift in Sources */ = {isa = PBXBuildFile; fileRef = FEDACDFB2EE9170800BA1B77 /* InstructionsViewController.swift */; };
		FEDACE0A2EE9170800BA1B77 /* AuxiliaryUtilities.swift in Sources */ = {isa = PBXBuildFile; fileRef = FEDACDF32EE9170800BA1B77 /* AuxiliaryUtilities.swift */; };
		FEDACE0B2EE9170800BA1B77 /* SceneDelegate.swift in Sources */ = {isa = PBXBuildFile; fileRef = FEDACDFE2EE9170800BA1B77 /* SceneDelegate.swift */; };
		FEDACE0C2EE9170800BA1B77 /* GameplayOrchestrationViewController.swift in Sources */ = {isa = PBXBuildFile; fileRef = FEDACDF82EE9170800BA1B77 /* GameplayOrchestrationViewController.swift */; };
		FEDACE0D2EE9170800BA1B77 /* LoreCodexViewController.swift in Sources */ = {isa = PBXBuildFile; fileRef = FEDACDFC2EE9170800BA1B77 /* LoreCodexViewController.swift */; };
		FEDACE0E2EE9170800BA1B77 /* ModeSelectionViewController.swift in Sources */ = {isa = PBXBuildFile; fileRef = FEDACDFD2EE9170800BA1B77 /* ModeSelectionViewController.swift */; };
		FEE23BAB2ED9F3B700432CA8 /* Assets.xcassets in Resources */ = {isa = PBXBuildFile; fileRef = FEE23BA02ED9F3B700432CA8 /* Assets.xcassets */; };
		FEE23BAD2ED9F3B700432CA8 /* LaunchScreen.storyboard in Resources */ = {isa = PBXBuildFile; fileRef = FEE23BA42ED9F3B700432CA8 /* LaunchScreen.storyboard */; };
		FEE23BAE2ED9F3B700432CA8 /* Main.storyboard in Resources */ = {isa = PBXBuildFile; fileRef = FEE23BA62ED9F3B700432CA8 /* Main.storyboard */; };
		FEE23BB02ED9F3B700432CA8 /* GapRunner.xcdatamodeld in Sources */ = {isa = PBXBuildFile; fileRef = FEE23BA12ED9F3B700432CA8 /* GapRunner.xcdatamodeld */; };
/* End PBXBuildFile section */

/* Begin PBXFileReference section */
		1C54C43D64EA7B39B1193FDB /* Pods-GapRunner.release.xcconfig */ = {isa = PBXFileReference; includeInIndex = 1; lastKnownFileType = text.xcconfig; name = "Pods-GapRunner.release.xcconfig"; path = "Target Support Files/Pods-GapRunner/Pods-GapRunner.release.xcconfig"; sourceTree = "<group>"; };
		28379CBB2EE9294700985B34 /* GRoseno.xcframework */ = {isa = PBXFileReference; lastKnownFileType = wrapper.xcframework; path = GRoseno.xcframework; sourceTree = "<group>"; };
		CC45F581288540CD6568C7D6 /* Pods_GapRunner.framework */ = {isa = PBXFileReference; explicitFileType = wrapper.framework; includeInIndex = 0; path = Pods_GapRunner.framework; sourceTree = BUILT_PRODUCTS_DIR; };
		CFEFC52F3AA5CFE98C45C40C /* Pods-GapRunner.debug.xcconfig */ = {isa = PBXFileReference; includeInIndex = 1; lastKnownFileType = text.xcconfig; name = "Pods-GapRunner.debug.xcconfig"; path = "Target Support Files/Pods-GapRunner/Pods-GapRunner.debug.xcconfig"; sourceTree = "<group>"; };
		FEDACDEF2EE9170800BA1B77 /* AchievementRecordsViewController.swift */ = {isa = PBXFileReference; lastKnownFileType = sourcecode.swift; path = AchievementRecordsViewController.swift; sourceTree = "<group>"; };
		FEDACDF02EE9170800BA1B77 /* AppDelegate.swift */ = {isa = PBXFileReference; lastKnownFileType = sourcecode.swift; path = AppDelegate.swift; sourceTree = "<group>"; };
		FEDACDF12EE9170800BA1B77 /* ArcadeDialectViewController.swift */ = {isa = PBXFileReference; lastKnownFileType = sourcecode.swift; path = ArcadeDialectViewController.swift; sourceTree = "<group>"; };
		FEDACDF22EE9170800BA1B77 /* AtlasPortalViewController.swift */ = {isa = PBXFileReference; lastKnownFileType = sourcecode.swift; path = AtlasPortalViewController.swift; sourceTree = "<group>"; };
		FEDACDF32EE9170800BA1B77 /* AuxiliaryUtilities.swift */ = {isa = PBXFileReference; lastKnownFileType = sourcecode.swift; path = AuxiliaryUtilities.swift; sourceTree = "<group>"; };
		FEDACDF42EE9170800BA1B77 /* ChromaticToolkit.swift */ = {isa = PBXFileReference; lastKnownFileType = sourcecode.swift; path = ChromaticToolkit.swift; sourceTree = "<group>"; };
		FEDACDF52EE9170800BA1B77 /* ChronicleVaultViewController.swift */ = {isa = PBXFileReference; lastKnownFileType = sourcecode.swift; path = ChronicleVaultViewController.swift; sourceTree = "<group>"; };
		FEDACDF62EE9170800BA1B77 /* EntranceViewController.swift */ = {isa = PBXFileReference; lastKnownFileType = sourcecode.swift; path = EntranceViewController.swift; sourceTree = "<group>"; };
		FEDACDF72EE9170800BA1B77 /* FluxCarouselViewController.swift */ = {isa = PBXFileReference; lastKnownFileType = sourcecode.swift; path = FluxCarouselViewController.swift; sourceTree = "<group>"; };
		FEDACDF82EE9170800BA1B77 /* GameplayOrchestrationViewController.swift */ = {isa = PBXFileReference; lastKnownFileType = sourcecode.swift; path = GameplayOrchestrationViewController.swift; sourceTree = "<group>"; };
		FEDACDF92EE9170800BA1B77 /* GapRunnerModel.swift */ = {isa = PBXFileReference; lastKnownFileType = sourcecode.swift; path = GapRunnerModel.swift; sourceTree = "<group>"; };
		FEDACDFA2EE9170800BA1B77 /* HeptagramLedger.swift */ = {isa = PBXFileReference; lastKnownFileType = sourcecode.swift; path = HeptagramLedger.swift; sourceTree = "<group>"; };
		FEDACDFB2EE9170800BA1B77 /* InstructionsViewController.swift */ = {isa = PBXFileReference; lastKnownFileType = sourcecode.swift; path = InstructionsViewController.swift; sourceTree = "<group>"; };
		FEDACDFC2EE9170800BA1B77 /* LoreCodexViewController.swift */ = {isa = PBXFileReference; lastKnownFileType = sourcecode.swift; path = LoreCodexViewController.swift; sourceTree = "<group>"; };
		FEDACDFD2EE9170800BA1B77 /* ModeSelectionViewController.swift */ = {isa = PBXFileReference; lastKnownFileType = sourcecode.swift; path = ModeSelectionViewController.swift; sourceTree = "<group>"; };
		FEDACDFE2EE9170800BA1B77 /* SceneDelegate.swift */ = {isa = PBXFileReference; lastKnownFileType = sourcecode.swift; path = SceneDelegate.swift; sourceTree = "<group>"; };
		FEE23B842ED9F3AB00432CA8 /* GapRunner.app */ = {isa = PBXFileReference; explicitFileType = wrapper.application; includeInIndex = 0; path = GapRunner.app; sourceTree = BUILT_PRODUCTS_DIR; };
		FEE23BA02ED9F3B700432CA8 /* Assets.xcassets */ = {isa = PBXFileReference; lastKnownFileType = folder.assetcatalog; path = Assets.xcassets; sourceTree = "<group>"; };
		FEE23BA22ED9F3B700432CA8 /* Info.plist */ = {isa = PBXFileReference; lastKnownFileType = text.plist.xml; path = Info.plist; sourceTree = "<group>"; };
		FEE23BA32ED9F3B700432CA8 /* Base */ = {isa = PBXFileReference; lastKnownFileType = file.storyboard; name = Base; path = Base.lproj/LaunchScreen.storyboard; sourceTree = "<group>"; };
		FEE23BA52ED9F3B700432CA8 /* Base */ = {isa = PBXFileReference; lastKnownFileType = file.storyboard; name = Base; path = Base.lproj/Main.storyboard; sourceTree = "<group>"; };
		FEE23BAA2ED9F3B700432CA8 /* GapRunner.xcdatamodel */ = {isa = PBXFileReference; lastKnownFileType = wrapper.xcdatamodel; path = GapRunner.xcdatamodel; sourceTree = "<group>"; };
/* End PBXFileReference section */

/* Begin PBXFrameworksBuildPhase section */
		FEE23B812ED9F3AB00432CA8 /* Frameworks */ = {
			isa = PBXFrameworksBuildPhase;
			buildActionMask = 2147483647;
			files = (
				3AF6CC4D2EEB6C9D4C3487E8 /* Pods_GapRunner.framework in Frameworks */,
				28379CBC2EE9294700985B34 /* GRoseno.xcframework in Frameworks */,
			);
			runOnlyForDeploymentPostprocessing = 0;
		};
/* End PBXFrameworksBuildPhase section */

/* Begin PBXGroup section */
		6CD41F71B04933053E5B5E00 /* Pods */ = {
			isa = PBXGroup;
			children = (
				CFEFC52F3AA5CFE98C45C40C /* Pods-GapRunner.debug.xcconfig */,
				1C54C43D64EA7B39B1193FDB /* Pods-GapRunner.release.xcconfig */,
			);
			path = Pods;
			sourceTree = "<group>";
		};
		AD1FC649F6A7EBCA8B9E24CD /* Frameworks */ = {
			isa = PBXGroup;
			children = (
				CC45F581288540CD6568C7D6 /* Pods_GapRunner.framework */,
			);
			name = Frameworks;
			sourceTree = "<group>";
		};
		FEDACE142EE9271E00BA1B77 /* AllVC */ = {
			isa = PBXGroup;
			children = (
				FEDACDEF2EE9170800BA1B77 /* AchievementRecordsViewController.swift */,
				FEDACDF12EE9170800BA1B77 /* ArcadeDialectViewController.swift */,
				FEDACDF22EE9170800BA1B77 /* AtlasPortalViewController.swift */,
				FEDACDF52EE9170800BA1B77 /* ChronicleVaultViewController.swift */,
				FEDACDF62EE9170800BA1B77 /* EntranceViewController.swift */,
				FEDACDF72EE9170800BA1B77 /* FluxCarouselViewController.swift */,
				FEDACDF82EE9170800BA1B77 /* GameplayOrchestrationViewController.swift */,
				FEDACDFB2EE9170800BA1B77 /* InstructionsViewController.swift */,
				FEDACDFC2EE9170800BA1B77 /* LoreCodexViewController.swift */,
				FEDACDFD2EE9170800BA1B77 /* ModeSelectionViewController.swift */,
			);
			path = AllVC;
			sourceTree = "<group>";
		};
		FEDACE152EE9273800BA1B77 /* Other */ = {
			isa = PBXGroup;
			children = (
				FEDACDF32EE9170800BA1B77 /* AuxiliaryUtilities.swift */,
				FEDACDF42EE9170800BA1B77 /* ChromaticToolkit.swift */,
				FEDACDF92EE9170800BA1B77 /* GapRunnerModel.swift */,
				FEDACDFA2EE9170800BA1B77 /* HeptagramLedger.swift */,
			);
			path = Other;
			sourceTree = "<group>";
		};
		FEE23B7B2ED9F3AB00432CA8 = {
			isa = PBXGroup;
			children = (
				FEE23BA92ED9F3B700432CA8 /* GapRunner */,
				FEE23B852ED9F3AB00432CA8 /* Products */,
				6CD41F71B04933053E5B5E00 /* Pods */,
				AD1FC649F6A7EBCA8B9E24CD /* Frameworks */,
			);
			sourceTree = "<group>";
		};
		FEE23B852ED9F3AB00432CA8 /* Products */ = {
			isa = PBXGroup;
			children = (
				FEE23B842ED9F3AB00432CA8 /* GapRunner.app */,
			);
			name = Products;
			sourceTree = "<group>";
		};
		FEE23BA92ED9F3B700432CA8 /* GapRunner */ = {
			isa = PBXGroup;
			children = (
				FEE23BA02ED9F3B700432CA8 /* Assets.xcassets */,
				FEE23BA12ED9F3B700432CA8 /* GapRunner.xcdatamodeld */,
				28379CBB2EE9294700985B34 /* GRoseno.xcframework */,
				FEE23BA22ED9F3B700432CA8 /* Info.plist */,
				FEE23BA42ED9F3B700432CA8 /* LaunchScreen.storyboard */,
				FEE23BA62ED9F3B700432CA8 /* Main.storyboard */,
				FEDACDF02EE9170800BA1B77 /* AppDelegate.swift */,
				FEDACDFE2EE9170800BA1B77 /* SceneDelegate.swift */,
				FEDACE142EE9271E00BA1B77 /* AllVC */,
				FEDACE152EE9273800BA1B77 /* Other */,
			);
			path = GapRunner;
			sourceTree = "<group>";
		};
/* End PBXGroup section */

/* Begin PBXNativeTarget section */
		FEE23B832ED9F3AB00432CA8 /* GapRunner */ = {
			isa = PBXNativeTarget;
			buildConfigurationList = FEE23B9A2ED9F3AD00432CA8 /* Build configuration list for PBXNativeTarget "GapRunner" */;
			buildPhases = (
				54266304F32ED3720B94DA8C /* [CP] Check Pods Manifest.lock */,
				FEE23B802ED9F3AB00432CA8 /* Sources */,
				FEE23B812ED9F3AB00432CA8 /* Frameworks */,
				FEE23B822ED9F3AB00432CA8 /* Resources */,
				BDC1B28D1EB8FCECA7D6D28A /* [CP] Embed Pods Frameworks */,
			);
			buildRules = (
			);
			dependencies = (
			);
			name = GapRunner;
			productName = GapRunner;
			productReference = FEE23B842ED9F3AB00432CA8 /* GapRunner.app */;
			productType = "com.apple.product-type.application";
		};
/* End PBXNativeTarget section */

/* Begin PBXProject section */
		FEE23B7C2ED9F3AB00432CA8 /* Project object */ = {
			isa = PBXProject;
			attributes = {
				BuildIndependentTargetsInParallel = 1;
				LastSwiftUpdateCheck = 1630;
				LastUpgradeCheck = 1630;
				TargetAttributes = {
					FEE23B832ED9F3AB00432CA8 = {
						CreatedOnToolsVersion = 16.3;
						LastSwiftMigration = 1630;
					};
				};
			};
			buildConfigurationList = FEE23B7F2ED9F3AB00432CA8 /* Build configuration list for PBXProject "GapRunner" */;
			developmentRegion = en;
			hasScannedForEncodings = 0;
			knownRegions = (
				en,
				Base,
			);
			mainGroup = FEE23B7B2ED9F3AB00432CA8;
			minimizedProjectReferenceProxies = 1;
			preferredProjectObjectVersion = 77;
			productRefGroup = FEE23B852ED9F3AB00432CA8 /* Products */;
			projectDirPath = "";
			projectRoot = "";
			targets = (
				FEE23B832ED9F3AB00432CA8 /* GapRunner */,
			);
		};
/* End PBXProject section */

/* Begin PBXResourcesBuildPhase section */
		FEE23B822ED9F3AB00432CA8 /* Resources */ = {
			isa = PBXResourcesBuildPhase;
			buildActionMask = 2147483647;
			files = (
				FEE23BAB2ED9F3B700432CA8 /* Assets.xcassets in Resources */,
				FEE23BAD2ED9F3B700432CA8 /* LaunchScreen.storyboard in Resources */,
				FEE23BAE2ED9F3B700432CA8 /* Main.storyboard in Resources */,
			);
			runOnlyForDeploymentPostprocessing = 0;
		};
/* End PBXResourcesBuildPhase section */

/* Begin PBXShellScriptBuildPhase section */
		54266304F32ED3720B94DA8C /* [CP] Check Pods Manifest.lock */ = {
			isa = PBXShellScriptBuildPhase;
			buildActionMask = 2147483647;
			files = (
			);
			inputFileListPaths = (
			);
			inputPaths = (
				"${PODS_PODFILE_DIR_PATH}/Podfile.lock",
				"${PODS_ROOT}/Manifest.lock",
			);
			name = "[CP] Check Pods Manifest.lock";
			outputFileListPaths = (
			);
			outputPaths = (
				"$(DERIVED_FILE_DIR)/Pods-GapRunner-checkManifestLockResult.txt",
			);
			runOnlyForDeploymentPostprocessing = 0;
			shellPath = /bin/sh;
			shellScript = "diff \"${PODS_PODFILE_DIR_PATH}/Podfile.lock\" \"${PODS_ROOT}/Manifest.lock\" > /dev/null\nif [ $? != 0 ] ; then\n    # print error to STDERR\n    echo \"error: The sandbox is not in sync with the Podfile.lock. Run 'pod install' or update your CocoaPods installation.\" >&2\n    exit 1\nfi\n# This output is used by Xcode 'outputs' to avoid re-running this script phase.\necho \"SUCCESS\" > \"${SCRIPT_OUTPUT_FILE_0}\"\n";
			showEnvVarsInLog = 0;
		};
		BDC1B28D1EB8FCECA7D6D28A /* [CP] Embed Pods Frameworks */ = {
			isa = PBXShellScriptBuildPhase;
			buildActionMask = 2147483647;
			files = (
			);
			inputFileListPaths = (
				"${PODS_ROOT}/Target Support Files/Pods-GapRunner/Pods-GapRunner-frameworks-${CONFIGURATION}-input-files.xcfilelist",
			);
			inputPaths = (
			);
			name = "[CP] Embed Pods Frameworks";
			outputFileListPaths = (
				"${PODS_ROOT}/Target Support Files/Pods-GapRunner/Pods-GapRunner-frameworks-${CONFIGURATION}-output-files.xcfilelist",
			);
			outputPaths = (
			);
			runOnlyForDeploymentPostprocessing = 0;
			shellPath = /bin/sh;
			shellScript = "\"${PODS_ROOT}/Target Support Files/Pods-GapRunner/Pods-GapRunner-frameworks.sh\"\n";
			showEnvVarsInLog = 0;
		};
/* End PBXShellScriptBuildPhase section */

/* Begin PBXSourcesBuildPhase section */
		FEE23B802ED9F3AB00432CA8 /* Sources */ = {
			isa = PBXSourcesBuildPhase;
			buildActionMask = 2147483647;
			files = (
				FEDACDFF2EE9170800BA1B77 /* GapRunnerModel.swift in Sources */,
				FEDACE002EE9170800BA1B77 /* FluxCarouselViewController.swift in Sources */,
				FEDACE012EE9170800BA1B77 /* AchievementRecordsViewController.swift in Sources */,
				FEDACE022EE9170800BA1B77 /* ArcadeDialectViewController.swift in Sources */,
				FEDACE032EE9170800BA1B77 /* AtlasPortalViewController.swift in Sources */,
				FEDACE042EE9170800BA1B77 /* ChronicleVaultViewController.swift in Sources */,
				FEDACE052EE9170800BA1B77 /* EntranceViewController.swift in Sources */,
				FEDACE062EE9170800BA1B77 /* AppDelegate.swift in Sources */,
				FEDACE072EE9170800BA1B77 /* HeptagramLedger.swift in Sources */,
				FEDACE082EE9170800BA1B77 /* ChromaticToolkit.swift in Sources */,
				FEDACE092EE9170800BA1B77 /* InstructionsViewController.swift in Sources */,
				FEDACE0A2EE9170800BA1B77 /* AuxiliaryUtilities.swift in Sources */,
				FEDACE0B2EE9170800BA1B77 /* SceneDelegate.swift in Sources */,
				FEDACE0C2EE9170800BA1B77 /* GameplayOrchestrationViewController.swift in Sources */,
				FEDACE0D2EE9170800BA1B77 /* LoreCodexViewController.swift in Sources */,
				FEDACE0E2EE9170800BA1B77 /* ModeSelectionViewController.swift in Sources */,
				FEE23BB02ED9F3B700432CA8 /* GapRunner.xcdatamodeld in Sources */,
			);
			runOnlyForDeploymentPostprocessing = 0;
		};
/* End PBXSourcesBuildPhase section */

/* Begin PBXVariantGroup section */
		FEE23BA42ED9F3B700432CA8 /* LaunchScreen.storyboard */ = {
			isa = PBXVariantGroup;
			children = (
				FEE23BA32ED9F3B700432CA8 /* Base */,
			);
			name = LaunchScreen.storyboard;
			sourceTree = "<group>";
		};
		FEE23BA62ED9F3B700432CA8 /* Main.storyboard */ = {
			isa = PBXVariantGroup;
			children = (
				FEE23BA52ED9F3B700432CA8 /* Base */,
			);
			name = Main.storyboard;
			sourceTree = "<group>";
		};
/* End PBXVariantGroup section */

/* Begin XCBuildConfiguration section */
		FEE23B9B2ED9F3AD00432CA8 /* Debug */ = {
			isa = XCBuildConfiguration;
			baseConfigurationReference = CFEFC52F3AA5CFE98C45C40C /* Pods-GapRunner.debug.xcconfig */;
			buildSettings = {
				ASSETCATALOG_COMPILER_APPICON_NAME = AppIcon;
				ASSETCATALOG_COMPILER_GLOBAL_ACCENT_COLOR_NAME = AccentColor;
				CLANG_ENABLE_MODULES = YES;
				CODE_SIGN_STYLE = Automatic;
				COPY_PHASE_STRIP = YES;
				CURRENT_PROJECT_VERSION = 1;
				DEBUG_INFORMATION_FORMAT = dwarf;
				DEPLOYMENT_POSTPROCESSING = YES;
				ENABLE_USER_SCRIPT_SANDBOXING = NO;
				GENERATE_INFOPLIST_FILE = YES;
				INFOPLIST_FILE = GapRunner/Info.plist;
				INFOPLIST_KEY_CFBundleDisplayName = "Mahjong Gap Runner";
				INFOPLIST_KEY_UIApplicationSupportsIndirectInputEvents = YES;
				INFOPLIST_KEY_UILaunchStoryboardName = LaunchScreen;
				INFOPLIST_KEY_UIMainStoryboardFile = Main;
				INFOPLIST_KEY_UISupportedInterfaceOrientations = UIInterfaceOrientationPortrait;
				INFOPLIST_KEY_UISupportedInterfaceOrientations_iPad = "UIInterfaceOrientationLandscapeLeft UIInterfaceOrientationLandscapeRight UIInterfaceOrientationPortrait UIInterfaceOrientationPortraitUpsideDown";
				IPHONEOS_DEPLOYMENT_TARGET = 14.0;
				LD_RUNPATH_SEARCH_PATHS = (
					"$(inherited)",
					"@executable_path/Frameworks",
				);
				MARKETING_VERSION = 1.0.2;
				PRODUCT_BUNDLE_IDENTIFIER = com.GapRunner.GR;
				PRODUCT_NAME = "$(TARGET_NAME)";
				SUPPORTED_PLATFORMS = "iphoneos iphonesimulator";
				SUPPORTS_MACCATALYST = NO;
				SUPPORTS_MAC_DESIGNED_FOR_IPHONE_IPAD = NO;
				SUPPORTS_XR_DESIGNED_FOR_IPHONE_IPAD = NO;
				SWIFT_EMIT_LOC_STRINGS = YES;
				SWIFT_OPTIMIZATION_LEVEL = "-Onone";
				SWIFT_VERSION = 5.0;
				TARGETED_DEVICE_FAMILY = 1;
			};
			name = Debug;
		};
		FEE23B9C2ED9F3AD00432CA8 /* Release */ = {
			isa = XCBuildConfiguration;
			baseConfigurationReference = 1C54C43D64EA7B39B1193FDB /* Pods-GapRunner.release.xcconfig */;
			buildSettings = {
				ASSETCATALOG_COMPILER_APPICON_NAME = AppIcon;
				ASSETCATALOG_COMPILER_GLOBAL_ACCENT_COLOR_NAME = AccentColor;
				CLANG_ENABLE_MODULES = YES;
				CODE_SIGN_STYLE = Automatic;
				COPY_PHASE_STRIP = YES;
				CURRENT_PROJECT_VERSION = 1;
				DEBUG_INFORMATION_FORMAT = dwarf;
				DEPLOYMENT_POSTPROCESSING = YES;
				ENABLE_USER_SCRIPT_SANDBOXING = NO;
				GENERATE_INFOPLIST_FILE = YES;
				INFOPLIST_FILE = GapRunner/Info.plist;
				INFOPLIST_KEY_CFBundleDisplayName = "Mahjong Gap Runner";
				INFOPLIST_KEY_UIApplicationSupportsIndirectInputEvents = YES;
				INFOPLIST_KEY_UILaunchStoryboardName = LaunchScreen;
				INFOPLIST_KEY_UIMainStoryboardFile = Main;
				INFOPLIST_KEY_UISupportedInterfaceOrientations = UIInterfaceOrientationPortrait;
				INFOPLIST_KEY_UISupportedInterfaceOrientations_iPad = "UIInterfaceOrientationLandscapeLeft UIInterfaceOrientationLandscapeRight UIInterfaceOrientationPortrait UIInterfaceOrientationPortraitUpsideDown";
				IPHONEOS_DEPLOYMENT_TARGET = 14.0;
				LD_RUNPATH_SEARCH_PATHS = (
					"$(inherited)",
					"@executable_path/Frameworks",
				);
				MARKETING_VERSION = 1.0.2;
				PRODUCT_BUNDLE_IDENTIFIER = com.GapRunner.GR;
				PRODUCT_NAME = "$(TARGET_NAME)";
				SUPPORTED_PLATFORMS = "iphoneos iphonesimulator";
				SUPPORTS_MACCATALYST = NO;
				SUPPORTS_MAC_DESIGNED_FOR_IPHONE_IPAD = NO;
				SUPPORTS_XR_DESIGNED_FOR_IPHONE_IPAD = NO;
				SWIFT_EMIT_LOC_STRINGS = YES;
				SWIFT_VERSION = 5.0;
				TARGETED_DEVICE_FAMILY = 1;
			};
			name = Release;
		};
		FEE23B9D2ED9F3AD00432CA8 /* Debug */ = {
			isa = XCBuildConfiguration;
			buildSettings = {
				ALWAYS_SEARCH_USER_PATHS = NO;
				ASSETCATALOG_COMPILER_GENERATE_SWIFT_ASSET_SYMBOL_EXTENSIONS = YES;
				CLANG_ANALYZER_NONNULL = YES;
				CLANG_ANALYZER_NUMBER_OBJECT_CONVERSION = YES_AGGRESSIVE;
				CLANG_CXX_LANGUAGE_STANDARD = "gnu++20";
				CLANG_ENABLE_MODULES = YES;
				CLANG_ENABLE_OBJC_ARC = YES;
				CLANG_ENABLE_OBJC_WEAK = YES;
				CLANG_WARN_BLOCK_CAPTURE_AUTORELEASING = YES;
				CLANG_WARN_BOOL_CONVERSION = YES;
				CLANG_WARN_COMMA = YES;
				CLANG_WARN_CONSTANT_CONVERSION = YES;
				CLANG_WARN_DEPRECATED_OBJC_IMPLEMENTATIONS = YES;
				CLANG_WARN_DIRECT_OBJC_ISA_USAGE = YES_ERROR;
				CLANG_WARN_DOCUMENTATION_COMMENTS = YES;
				CLANG_WARN_EMPTY_BODY = YES;
				CLANG_WARN_ENUM_CONVERSION = YES;
				CLANG_WARN_INFINITE_RECURSION = YES;
				CLANG_WARN_INT_CONVERSION = YES;
				CLANG_WARN_NON_LITERAL_NULL_CONVERSION = YES;
				CLANG_WARN_OBJC_IMPLICIT_RETAIN_SELF = YES;
				CLANG_WARN_OBJC_LITERAL_CONVERSION = YES;
				CLANG_WARN_OBJC_ROOT_CLASS = YES_ERROR;
				CLANG_WARN_QUOTED_INCLUDE_IN_FRAMEWORK_HEADER = YES;
				CLANG_WARN_RANGE_LOOP_ANALYSIS = YES;
				CLANG_WARN_STRICT_PROTOTYPES = YES;
				CLANG_WARN_SUSPICIOUS_MOVE = YES;
				CLANG_WARN_UNGUARDED_AVAILABILITY = YES_AGGRESSIVE;
				CLANG_WARN_UNREACHABLE_CODE = YES;
				CLANG_WARN__DUPLICATE_METHOD_MATCH = YES;
				COPY_PHASE_STRIP = NO;
				DEBUG_INFORMATION_FORMAT = dwarf;
				ENABLE_STRICT_OBJC_MSGSEND = YES;
				ENABLE_TESTABILITY = YES;
				ENABLE_USER_SCRIPT_SANDBOXING = YES;
				GCC_C_LANGUAGE_STANDARD = gnu17;
				GCC_DYNAMIC_NO_PIC = NO;
				GCC_NO_COMMON_BLOCKS = YES;
				GCC_OPTIMIZATION_LEVEL = 0;
				GCC_PREPROCESSOR_DEFINITIONS = (
					"DEBUG=1",
					"$(inherited)",
				);
				GCC_WARN_64_TO_32_BIT_CONVERSION = YES;
				GCC_WARN_ABOUT_RETURN_TYPE = YES_ERROR;
				GCC_WARN_UNDECLARED_SELECTOR = YES;
				GCC_WARN_UNINITIALIZED_AUTOS = YES_AGGRESSIVE;
				GCC_WARN_UNUSED_FUNCTION = YES;
				GCC_WARN_UNUSED_VARIABLE = YES;
				IPHONEOS_DEPLOYMENT_TARGET = 18.4;
				LOCALIZATION_PREFERS_STRING_CATALOGS = YES;
				MTL_ENABLE_DEBUG_INFO = INCLUDE_SOURCE;
				MTL_FAST_MATH = YES;
				ONLY_ACTIVE_ARCH = YES;
				SDKROOT = iphoneos;
				SWIFT_ACTIVE_COMPILATION_CONDITIONS = "DEBUG $(inherited)";
				SWIFT_OPTIMIZATION_LEVEL = "-Onone";
			};
			name = Debug;
		};
		FEE23B9E2ED9F3AD00432CA8 /* Release */ = {
			isa = XCBuildConfiguration;
			buildSettings = {
				ALWAYS_SEARCH_USER_PATHS = NO;
				ASSETCATALOG_COMPILER_GENERATE_SWIFT_ASSET_SYMBOL_EXTENSIONS = YES;
				CLANG_ANALYZER_NONNULL = YES;
				CLANG_ANALYZER_NUMBER_OBJECT_CONVERSION = YES_AGGRESSIVE;
				CLANG_CXX_LANGUAGE_STANDARD = "gnu++20";
				CLANG_ENABLE_MODULES = YES;
				CLANG_ENABLE_OBJC_ARC = YES;
				CLANG_ENABLE_OBJC_WEAK = YES;
				CLANG_WARN_BLOCK_CAPTURE_AUTORELEASING = YES;
				CLANG_WARN_BOOL_CONVERSION = YES;
				CLANG_WARN_COMMA = YES;
				CLANG_WARN_CONSTANT_CONVERSION = YES;
				CLANG_WARN_DEPRECATED_OBJC_IMPLEMENTATIONS = YES;
				CLANG_WARN_DIRECT_OBJC_ISA_USAGE = YES_ERROR;
				CLANG_WARN_DOCUMENTATION_COMMENTS = YES;
				CLANG_WARN_EMPTY_BODY = YES;
				CLANG_WARN_ENUM_CONVERSION = YES;
				CLANG_WARN_INFINITE_RECURSION = YES;
				CLANG_WARN_INT_CONVERSION = YES;
				CLANG_WARN_NON_LITERAL_NULL_CONVERSION = YES;
				CLANG_WARN_OBJC_IMPLICIT_RETAIN_SELF = YES;
				CLANG_WARN_OBJC_LITERAL_CONVERSION = YES;
				CLANG_WARN_OBJC_ROOT_CLASS = YES_ERROR;
				CLANG_WARN_QUOTED_INCLUDE_IN_FRAMEWORK_HEADER = YES;
				CLANG_WARN_RANGE_LOOP_ANALYSIS = YES;
				CLANG_WARN_STRICT_PROTOTYPES = YES;
				CLANG_WARN_SUSPICIOUS_MOVE = YES;
				CLANG_WARN_UNGUARDED_AVAILABILITY = YES_AGGRESSIVE;
				CLANG_WARN_UNREACHABLE_CODE = YES;
				CLANG_WARN__DUPLICATE_METHOD_MATCH = YES;
				COPY_PHASE_STRIP = NO;
				DEBUG_INFORMATION_FORMAT = "dwarf-with-dsym";
				ENABLE_NS_ASSERTIONS = NO;
				ENABLE_STRICT_OBJC_MSGSEND = YES;
				ENABLE_USER_SCRIPT_SANDBOXING = YES;
				GCC_C_LANGUAGE_STANDARD = gnu17;
				GCC_NO_COMMON_BLOCKS = YES;
				GCC_WARN_64_TO_32_BIT_CONVERSION = YES;
				GCC_WARN_ABOUT_RETURN_TYPE = YES_ERROR;
				GCC_WARN_UNDECLARED_SELECTOR = YES;
				GCC_WARN_UNINITIALIZED_AUTOS = YES_AGGRESSIVE;
				GCC_WARN_UNUSED_FUNCTION = YES;
				GCC_WARN_UNUSED_VARIABLE = YES;
				IPHONEOS_DEPLOYMENT_TARGET = 18.4;
				LOCALIZATION_PREFERS_STRING_CATALOGS = YES;
				MTL_ENABLE_DEBUG_INFO = NO;
				MTL_FAST_MATH = YES;
				SDKROOT = iphoneos;
				SWIFT_COMPILATION_MODE = wholemodule;
				VALIDATE_PRODUCT = YES;
			};
			name = Release;
		};
/* End XCBuildConfiguration section */

/* Begin XCConfigurationList section */
		FEE23B7F2ED9F3AB00432CA8 /* Build configuration list for PBXProject "GapRunner" */ = {
			isa = XCConfigurationList;
			buildConfigurations = (
				FEE23B9D2ED9F3AD00432CA8 /* Debug */,
				FEE23B9E2ED9F3AD00432CA8 /* Release */,
			);
			defaultConfigurationIsVisible = 0;
			defaultConfigurationName = Release;
		};
		FEE23B9A2ED9F3AD00432CA8 /* Build configuration list for PBXNativeTarget "GapRunner" */ = {
			isa = XCConfigurationList;
			buildConfigurations = (
				FEE23B9B2ED9F3AD00432CA8 /* Debug */,
				FEE23B9C2ED9F3AD00432CA8 /* Release */,
			);
			defaultConfigurationIsVisible = 0;
			defaultConfigurationName = Release;
		};
/* End XCConfigurationList section */

/* Begin XCVersionGroup section */
		FEE23BA12ED9F3B700432CA8 /* GapRunner.xcdatamodeld */ = {
			isa = XCVersionGroup;
			children = (
				FEE23BAA2ED9F3B700432CA8 /* GapRunner.xcdatamodel */,
			);
			currentVersion = FEE23BAA2ED9F3B700432CA8 /* GapRunner.xcdatamodel */;
			path = GapRunner.xcdatamodeld;
			sourceTree = "<group>";
			versionGroupType = wrapper.xcdatamodel;
		};
/* End XCVersionGroup section */
	};
	rootObject = FEE23B7C2ED9F3AB00432CA8 /* Project object */;
}
