PODS:
  - Alamofire (5.10.2)
  - Kingfisher (8.4.0)

DEPENDENCIES:
  - Alamofire
  - Kingfisher

SPEC REPOS:
  trunk:
    - Alamofire
    - Kingfisher

SPEC CHECKSUMS:
  Alamofire: 7193b3b92c74a07f85569e1a6c4f4237291e7496
  Kingfisher: b14cc47bbfa7a3c150dd12962ee9c86338545629

PODFILE CHECKSUM: 07fad3ecb5b7b7937a44968296ed6030dbcec447

COCOAPODS: 1.16.2
